
Microsoft Visual Studio Solution File, Format Version 12.00
# Visual Studio 2012
Project("{FAE04EC0-301F-11D3-BF4B-00C04F79EFBC}") = "testCocosCircle", "testCocosCircle\testCocosCircle.csproj", "{2E1C04D6-7A30-4662-AB91-B1E5449119BB}"
EndProject
Project("{FAE04EC0-301F-11D3-BF4B-00C04F79EFBC}") = "testCocosCircle.iOS", "iOS\testCocosCircle.iOS.csproj", "{8FA6C185-2156-42A1-83F5-BF0ADF93D047}"
EndProject
Project("{FAE04EC0-301F-11D3-BF4B-00C04F79EFBC}") = "testCocosCircle.Droid", "Droid\testCocosCircle.Droid.csproj", "{C5C08243-935C-4B39-8C99-4892D5058D68}"
EndProject
Global
	GlobalSection(SolutionConfigurationPlatforms) = preSolution
		Debug|Any CPU = Debug|Any CPU
		Release|Any CPU = Release|Any CPU
		Debug|iPhoneSimulator = Debug|iPhoneSimulator
		Release|iPhone = Release|iPhone
		Release|iPhoneSimulator = Release|iPhoneSimulator
		Debug|iPhone = Debug|iPhone
	EndGlobalSection
	GlobalSection(ProjectConfigurationPlatforms) = postSolution
		{2E1C04D6-7A30-4662-AB91-B1E5449119BB}.Debug|Any CPU.ActiveCfg = Debug|Any CPU
		{2E1C04D6-7A30-4662-AB91-B1E5449119BB}.Debug|Any CPU.Build.0 = Debug|Any CPU
		{2E1C04D6-7A30-4662-AB91-B1E5449119BB}.Release|Any CPU.ActiveCfg = Release|Any CPU
		{2E1C04D6-7A30-4662-AB91-B1E5449119BB}.Release|Any CPU.Build.0 = Release|Any CPU
		{2E1C04D6-7A30-4662-AB91-B1E5449119BB}.Debug|iPhoneSimulator.ActiveCfg = Debug|Any CPU
		{2E1C04D6-7A30-4662-AB91-B1E5449119BB}.Debug|iPhoneSimulator.Build.0 = Debug|Any CPU
		{2E1C04D6-7A30-4662-AB91-B1E5449119BB}.Release|iPhone.ActiveCfg = Release|Any CPU
		{2E1C04D6-7A30-4662-AB91-B1E5449119BB}.Release|iPhone.Build.0 = Release|Any CPU
		{2E1C04D6-7A30-4662-AB91-B1E5449119BB}.Release|iPhoneSimulator.ActiveCfg = Release|Any CPU
		{2E1C04D6-7A30-4662-AB91-B1E5449119BB}.Release|iPhoneSimulator.Build.0 = Release|Any CPU
		{2E1C04D6-7A30-4662-AB91-B1E5449119BB}.Debug|iPhone.ActiveCfg = Debug|Any CPU
		{2E1C04D6-7A30-4662-AB91-B1E5449119BB}.Debug|iPhone.Build.0 = Debug|Any CPU
		{8FA6C185-2156-42A1-83F5-BF0ADF93D047}.Debug|Any CPU.ActiveCfg = Debug|iPhoneSimulator
		{8FA6C185-2156-42A1-83F5-BF0ADF93D047}.Debug|Any CPU.Build.0 = Debug|iPhoneSimulator
		{8FA6C185-2156-42A1-83F5-BF0ADF93D047}.Release|Any CPU.ActiveCfg = Release|iPhone
		{8FA6C185-2156-42A1-83F5-BF0ADF93D047}.Release|Any CPU.Build.0 = Release|iPhone
		{8FA6C185-2156-42A1-83F5-BF0ADF93D047}.Debug|iPhoneSimulator.ActiveCfg = Debug|iPhoneSimulator
		{8FA6C185-2156-42A1-83F5-BF0ADF93D047}.Debug|iPhoneSimulator.Build.0 = Debug|iPhoneSimulator
		{8FA6C185-2156-42A1-83F5-BF0ADF93D047}.Release|iPhone.ActiveCfg = Release|iPhone
		{8FA6C185-2156-42A1-83F5-BF0ADF93D047}.Release|iPhone.Build.0 = Release|iPhone
		{8FA6C185-2156-42A1-83F5-BF0ADF93D047}.Release|iPhoneSimulator.ActiveCfg = Release|iPhoneSimulator
		{8FA6C185-2156-42A1-83F5-BF0ADF93D047}.Release|iPhoneSimulator.Build.0 = Release|iPhoneSimulator
		{8FA6C185-2156-42A1-83F5-BF0ADF93D047}.Debug|iPhone.ActiveCfg = Debug|iPhone
		{8FA6C185-2156-42A1-83F5-BF0ADF93D047}.Debug|iPhone.Build.0 = Debug|iPhone
		{C5C08243-935C-4B39-8C99-4892D5058D68}.Debug|Any CPU.ActiveCfg = Debug|Any CPU
		{C5C08243-935C-4B39-8C99-4892D5058D68}.Debug|Any CPU.Build.0 = Debug|Any CPU
		{C5C08243-935C-4B39-8C99-4892D5058D68}.Release|Any CPU.ActiveCfg = Release|Any CPU
		{C5C08243-935C-4B39-8C99-4892D5058D68}.Release|Any CPU.Build.0 = Release|Any CPU
		{C5C08243-935C-4B39-8C99-4892D5058D68}.Debug|iPhoneSimulator.ActiveCfg = Debug|Any CPU
		{C5C08243-935C-4B39-8C99-4892D5058D68}.Debug|iPhoneSimulator.Build.0 = Debug|Any CPU
		{C5C08243-935C-4B39-8C99-4892D5058D68}.Release|iPhone.ActiveCfg = Release|Any CPU
		{C5C08243-935C-4B39-8C99-4892D5058D68}.Release|iPhone.Build.0 = Release|Any CPU
		{C5C08243-935C-4B39-8C99-4892D5058D68}.Release|iPhoneSimulator.ActiveCfg = Release|Any CPU
		{C5C08243-935C-4B39-8C99-4892D5058D68}.Release|iPhoneSimulator.Build.0 = Release|Any CPU
		{C5C08243-935C-4B39-8C99-4892D5058D68}.Debug|iPhone.ActiveCfg = Debug|Any CPU
		{C5C08243-935C-4B39-8C99-4892D5058D68}.Debug|iPhone.Build.0 = Debug|Any CPU
	EndGlobalSection
EndGlobal
